
Microsoft Visual Studio Solution File, Format Version 12.00
# Visual Studio Version 16
VisualStudioVersion = 16.0.32802.440
MinimumVisualStudioVersion = 10.0.40219.1
Project("{FAE04EC0-301F-11D3-BF4B-00C04F79EFBC}") = "StudentRegister", "StudentRegister\StudentRegister.csproj", "{6F5F3542-0849-4C64-914C-93865CD7C334}"
EndProject
Global
	GlobalSection(SolutionConfigurationPlatforms) = preSolution
		Debug|Any CPU = Debug|Any CPU
		Release|Any CPU = Release|Any CPU
	EndGlobalSection
	GlobalSection(ProjectConfigurationPlatforms) = postSolution
		{6F5F3542-0849-4C64-914C-93865CD7C334}.Debug|Any CPU.ActiveCfg = Debug|Any CPU
		{6F5F3542-0849-4C64-914C-93865CD7C334}.Debug|Any CPU.Build.0 = Debug|Any CPU
		{6F5F3542-0849-4C64-914C-93865CD7C334}.Release|Any CPU.ActiveCfg = Release|Any CPU
		{6F5F3542-0849-4C64-914C-93865CD7C334}.Release|Any CPU.Build.0 = Release|Any CPU
	EndGlobalSection
	GlobalSection(SolutionProperties) = preSolution
		HideSolutionNode = FALSE
	EndGlobalSection
	GlobalSection(ExtensibilityGlobals) = postSolution
		SolutionGuid = {6B0E826F-D0AD-4301-8408-CD5A1D71F8FD}
	EndGlobalSection
EndGlobal
